
Microsoft Visual Studio Solution File, Format Version 12.00
# Visual Studio Version 17
VisualStudioVersion = 17.8.34330.188
MinimumVisualStudioVersion = 10.0.40219.1
Project("{9A19103F-16F7-4668-BE54-9A1E7A4F7556}") = "AAD_CRUD", "AAD_CRUD.csproj", "{B3983759-C209-4284-9572-54174B5CAD81}"
EndProject
Global
	GlobalSection(SolutionConfigurationPlatforms) = preSolution
		Debug|Any CPU = Debug|Any CPU
		Release|Any CPU = Release|Any CPU
	EndGlobalSection
	GlobalSection(ProjectConfigurationPlatforms) = postSolution
		{B3983759-C209-4284-9572-54174B5CAD81}.Debug|Any CPU.ActiveCfg = Debug|Any CPU
		{B3983759-C209-4284-9572-54174B5CAD81}.Debug|Any CPU.Build.0 = Debug|Any CPU
		{B3983759-C209-4284-9572-54174B5CAD81}.Release|Any CPU.ActiveCfg = Release|Any CPU
		{B3983759-C209-4284-9572-54174B5CAD81}.Release|Any CPU.Build.0 = Release|Any CPU
	EndGlobalSection
	GlobalSection(SolutionProperties) = preSolution
		HideSolutionNode = FALSE
	EndGlobalSection
	GlobalSection(ExtensibilityGlobals) = postSolution
		SolutionGuid = {F6DFF576-D21B-43BC-B753-CEAD19B57C1F}
	EndGlobalSection
EndGlobal
